// !$*UTF8*$!
{
	archiveVersion = 1;
	classes = {
	};
	objectVersion = 55;
	objects = {

/* Begin PBXBuildFile section */
		1307A3FC28481D8500083298 /* AppDelegate.swift in Sources */ = {isa = PBXBuildFile; fileRef = 1307A3FB28481D8500083298 /* AppDelegate.swift */; };
		1307A3FE28481D8500083298 /* SceneDelegate.swift in Sources */ = {isa = PBXBuildFile; fileRef = 1307A3FD28481D8500083298 /* SceneDelegate.swift */; };
		1307A40528481D8900083298 /* Assets.xcassets in Resources */ = {isa = PBXBuildFile; fileRef = 1307A40428481D8900083298 /* Assets.xcassets */; };
		1307A40828481D8900083298 /* LaunchScreen.storyboard in Resources */ = {isa = PBXBuildFile; fileRef = 1307A40628481D8900083298 /* LaunchScreen.storyboard */; };
		1307A42C28481E7B00083298 /* NavigationControllerRouterTests.swift in Sources */ = {isa = PBXBuildFile; fileRef = 1307A42B28481E7B00083298 /* NavigationControllerRouterTests.swift */; };
		1307A42E28481F1800083298 /* NavigationControllerRouter.swift in Sources */ = {isa = PBXBuildFile; fileRef = 1307A42D28481F1800083298 /* NavigationControllerRouter.swift */; };
		1328E5C528483B88001527FB /* BrewViewControllerFactory.swift in Sources */ = {isa = PBXBuildFile; fileRef = 1328E5C428483B88001527FB /* BrewViewControllerFactory.swift */; };
		1328E5C728483BAA001527FB /* Brew.swift in Sources */ = {isa = PBXBuildFile; fileRef = 1328E5C628483BAA001527FB /* Brew.swift */; };
		1328E5C928483D16001527FB /* BrewListTableViewControllerTests.swift in Sources */ = {isa = PBXBuildFile; fileRef = 1328E5C828483D16001527FB /* BrewListTableViewControllerTests.swift */; };
		1328E5CC28483EE5001527FB /* BrewListTableViewController.swift in Sources */ = {isa = PBXBuildFile; fileRef = 1328E5CA28483EE5001527FB /* BrewListTableViewController.swift */; };
		139ABE032848F99300256137 /* BrewListViewModelTests.swift in Sources */ = {isa = PBXBuildFile; fileRef = 139ABE022848F99200256137 /* BrewListViewModelTests.swift */; };
		139ABE052848F9AB00256137 /* BrewListViewModel.swift in Sources */ = {isa = PBXBuildFile; fileRef = 139ABE042848F9AB00256137 /* BrewListViewModel.swift */; };
		13EE357A284918190058C2F9 /* TestHelpers.swift in Sources */ = {isa = PBXBuildFile; fileRef = 13EE3579284918190058C2F9 /* TestHelpers.swift */; };
		13EE357C28496B130058C2F9 /* BrewCell.swift in Sources */ = {isa = PBXBuildFile; fileRef = 13EE357B28496B130058C2F9 /* BrewCell.swift */; };
/* End PBXBuildFile section */

/* Begin PBXContainerItemProxy section */
		1307A40F28481D8900083298 /* PBXContainerItemProxy */ = {
			isa = PBXContainerItemProxy;
			containerPortal = 1307A3F028481D8500083298 /* Project object */;
			proxyType = 1;
			remoteGlobalIDString = 1307A3F728481D8500083298;
			remoteInfo = Brewcipe;
		};
/* End PBXContainerItemProxy section */

/* Begin PBXFileReference section */
		1307A3F828481D8500083298 /* Brewcipe.app */ = {isa = PBXFileReference; explicitFileType = wrapper.application; includeInIndex = 0; path = Brewcipe.app; sourceTree = BUILT_PRODUCTS_DIR; };
		1307A3FB28481D8500083298 /* AppDelegate.swift */ = {isa = PBXFileReference; lastKnownFileType = sourcecode.swift; path = AppDelegate.swift; sourceTree = "<group>"; };
		1307A3FD28481D8500083298 /* SceneDelegate.swift */ = {isa = PBXFileReference; lastKnownFileType = sourcecode.swift; path = SceneDelegate.swift; sourceTree = "<group>"; };
		1307A40428481D8900083298 /* Assets.xcassets */ = {isa = PBXFileReference; lastKnownFileType = folder.assetcatalog; path = Assets.xcassets; sourceTree = "<group>"; };
		1307A40728481D8900083298 /* Base */ = {isa = PBXFileReference; lastKnownFileType = file.storyboard; name = Base; path = Base.lproj/LaunchScreen.storyboard; sourceTree = "<group>"; };
		1307A40928481D8900083298 /* Info.plist */ = {isa = PBXFileReference; lastKnownFileType = text.plist.xml; path = Info.plist; sourceTree = "<group>"; };
		1307A40E28481D8900083298 /* BrewcipeTests.xctest */ = {isa = PBXFileReference; explicitFileType = wrapper.cfbundle; includeInIndex = 0; path = BrewcipeTests.xctest; sourceTree = BUILT_PRODUCTS_DIR; };
		1307A42B28481E7B00083298 /* NavigationControllerRouterTests.swift */ = {isa = PBXFileReference; lastKnownFileType = sourcecode.swift; path = NavigationControllerRouterTests.swift; sourceTree = "<group>"; };
		1307A42D28481F1800083298 /* NavigationControllerRouter.swift */ = {isa = PBXFileReference; lastKnownFileType = sourcecode.swift; path = NavigationControllerRouter.swift; sourceTree = "<group>"; };
		1328E5C428483B88001527FB /* BrewViewControllerFactory.swift */ = {isa = PBXFileReference; lastKnownFileType = sourcecode.swift; path = BrewViewControllerFactory.swift; sourceTree = "<group>"; };
		1328E5C628483BAA001527FB /* Brew.swift */ = {isa = PBXFileReference; lastKnownFileType = sourcecode.swift; path = Brew.swift; sourceTree = "<group>"; };
		1328E5C828483D16001527FB /* BrewListTableViewControllerTests.swift */ = {isa = PBXFileReference; lastKnownFileType = sourcecode.swift; path = BrewListTableViewControllerTests.swift; sourceTree = "<group>"; };
		1328E5CA28483EE5001527FB /* BrewListTableViewController.swift */ = {isa = PBXFileReference; lastKnownFileType = sourcecode.swift; path = BrewListTableViewController.swift; sourceTree = "<group>"; };
		139ABE022848F99200256137 /* BrewListViewModelTests.swift */ = {isa = PBXFileReference; lastKnownFileType = sourcecode.swift; path = BrewListViewModelTests.swift; sourceTree = "<group>"; };
		139ABE042848F9AB00256137 /* BrewListViewModel.swift */ = {isa = PBXFileReference; lastKnownFileType = sourcecode.swift; path = BrewListViewModel.swift; sourceTree = "<group>"; };
		13EE3579284918190058C2F9 /* TestHelpers.swift */ = {isa = PBXFileReference; lastKnownFileType = sourcecode.swift; path = TestHelpers.swift; sourceTree = "<group>"; };
		13EE357B28496B130058C2F9 /* BrewCell.swift */ = {isa = PBXFileReference; lastKnownFileType = sourcecode.swift; path = BrewCell.swift; sourceTree = "<group>"; };
/* End PBXFileReference section */

/* Begin PBXFrameworksBuildPhase section */
		1307A3F528481D8500083298 /* Frameworks */ = {
			isa = PBXFrameworksBuildPhase;
			buildActionMask = 2147483647;
			files = (
			);
			runOnlyForDeploymentPostprocessing = 0;
		};
		1307A40B28481D8900083298 /* Frameworks */ = {
			isa = PBXFrameworksBuildPhase;
			buildActionMask = 2147483647;
			files = (
			);
			runOnlyForDeploymentPostprocessing = 0;
		};
/* End PBXFrameworksBuildPhase section */

/* Begin PBXGroup section */
		1307A3EF28481D8500083298 = {
			isa = PBXGroup;
			children = (
				1307A3FA28481D8500083298 /* Brewcipe */,
				1307A41128481D8900083298 /* BrewcipeTests */,
				1307A3F928481D8500083298 /* Products */,
			);
			sourceTree = "<group>";
		};
		1307A3F928481D8500083298 /* Products */ = {
			isa = PBXGroup;
			children = (
				1307A3F828481D8500083298 /* Brewcipe.app */,
				1307A40E28481D8900083298 /* BrewcipeTests.xctest */,
			);
			name = Products;
			sourceTree = "<group>";
		};
		1307A3FA28481D8500083298 /* Brewcipe */ = {
			isa = PBXGroup;
			children = (
				1328E5C628483BAA001527FB /* Brew.swift */,
				1328E5C428483B88001527FB /* BrewViewControllerFactory.swift */,
				1307A3FB28481D8500083298 /* AppDelegate.swift */,
				1307A3FD28481D8500083298 /* SceneDelegate.swift */,
				1307A40428481D8900083298 /* Assets.xcassets */,
				1307A40628481D8900083298 /* LaunchScreen.storyboard */,
				1307A40928481D8900083298 /* Info.plist */,
				1307A42D28481F1800083298 /* NavigationControllerRouter.swift */,
				13EE357B28496B130058C2F9 /* BrewCell.swift */,
				1328E5CA28483EE5001527FB /* BrewListTableViewController.swift */,
				139ABE042848F9AB00256137 /* BrewListViewModel.swift */,
			);
			path = Brewcipe;
			sourceTree = "<group>";
		};
		1307A41128481D8900083298 /* BrewcipeTests */ = {
			isa = PBXGroup;
			children = (
				1307A42B28481E7B00083298 /* NavigationControllerRouterTests.swift */,
				1328E5C828483D16001527FB /* BrewListTableViewControllerTests.swift */,
				139ABE022848F99200256137 /* BrewListViewModelTests.swift */,
				13EE3579284918190058C2F9 /* TestHelpers.swift */,
			);
			path = BrewcipeTests;
			sourceTree = "<group>";
		};
/* End PBXGroup section */

/* Begin PBXNativeTarget section */
		1307A3F728481D8500083298 /* Brewcipe */ = {
			isa = PBXNativeTarget;
			buildConfigurationList = 1307A42228481D8900083298 /* Build configuration list for PBXNativeTarget "Brewcipe" */;
			buildPhases = (
				1307A3F428481D8500083298 /* Sources */,
				1307A3F528481D8500083298 /* Frameworks */,
				1307A3F628481D8500083298 /* Resources */,
			);
			buildRules = (
			);
			dependencies = (
			);
			name = Brewcipe;
			productName = Brewcipe;
			productReference = 1307A3F828481D8500083298 /* Brewcipe.app */;
			productType = "com.apple.product-type.application";
		};
		1307A40D28481D8900083298 /* BrewcipeTests */ = {
			isa = PBXNativeTarget;
			buildConfigurationList = 1307A42528481D8900083298 /* Build configuration list for PBXNativeTarget "BrewcipeTests" */;
			buildPhases = (
				1307A40A28481D8900083298 /* Sources */,
				1307A40B28481D8900083298 /* Frameworks */,
				1307A40C28481D8900083298 /* Resources */,
			);
			buildRules = (
			);
			dependencies = (
				1307A41028481D8900083298 /* PBXTargetDependency */,
			);
			name = BrewcipeTests;
			productName = BrewcipeTests;
			productReference = 1307A40E28481D8900083298 /* BrewcipeTests.xctest */;
			productType = "com.apple.product-type.bundle.unit-test";
		};
/* End PBXNativeTarget section */

/* Begin PBXProject section */
		1307A3F028481D8500083298 /* Project object */ = {
			isa = PBXProject;
			attributes = {
				BuildIndependentTargetsInParallel = 1;
				LastSwiftUpdateCheck = 1340;
				LastUpgradeCheck = 1340;
				TargetAttributes = {
					1307A3F728481D8500083298 = {
						CreatedOnToolsVersion = 13.4;
					};
					1307A40D28481D8900083298 = {
						CreatedOnToolsVersion = 13.4;
						LastSwiftMigration = 1340;
						TestTargetID = 1307A3F728481D8500083298;
					};
				};
			};
			buildConfigurationList = 1307A3F328481D8500083298 /* Build configuration list for PBXProject "Brewcipe" */;
			compatibilityVersion = "Xcode 13.0";
			developmentRegion = en;
			hasScannedForEncodings = 0;
			knownRegions = (
				en,
				Base,
			);
			mainGroup = 1307A3EF28481D8500083298;
			productRefGroup = 1307A3F928481D8500083298 /* Products */;
			projectDirPath = "";
			projectRoot = "";
			targets = (
				1307A3F728481D8500083298 /* Brewcipe */,
				1307A40D28481D8900083298 /* BrewcipeTests */,
			);
		};
/* End PBXProject section */

/* Begin PBXResourcesBuildPhase section */
		1307A3F628481D8500083298 /* Resources */ = {
			isa = PBXResourcesBuildPhase;
			buildActionMask = 2147483647;
			files = (
				1307A40828481D8900083298 /* LaunchScreen.storyboard in Resources */,
				1307A40528481D8900083298 /* Assets.xcassets in Resources */,
			);
			runOnlyForDeploymentPostprocessing = 0;
		};
		1307A40C28481D8900083298 /* Resources */ = {
			isa = PBXResourcesBuildPhase;
			buildActionMask = 2147483647;
			files = (
			);
			runOnlyForDeploymentPostprocessing = 0;
		};
/* End PBXResourcesBuildPhase section */

/* Begin PBXSourcesBuildPhase section */
		1307A3F428481D8500083298 /* Sources */ = {
			isa = PBXSourcesBuildPhase;
			buildActionMask = 2147483647;
			files = (
				1307A42E28481F1800083298 /* NavigationControllerRouter.swift in Sources */,
				139ABE052848F9AB00256137 /* BrewListViewModel.swift in Sources */,
				1328E5C528483B88001527FB /* BrewViewControllerFactory.swift in Sources */,
				1307A3FC28481D8500083298 /* AppDelegate.swift in Sources */,
				13EE357C28496B130058C2F9 /* BrewCell.swift in Sources */,
				1328E5CC28483EE5001527FB /* BrewListTableViewController.swift in Sources */,
				1307A3FE28481D8500083298 /* SceneDelegate.swift in Sources */,
				1328E5C728483BAA001527FB /* Brew.swift in Sources */,
			);
			runOnlyForDeploymentPostprocessing = 0;
		};
		1307A40A28481D8900083298 /* Sources */ = {
			isa = PBXSourcesBuildPhase;
			buildActionMask = 2147483647;
			files = (
				1328E5C928483D16001527FB /* BrewListTableViewControllerTests.swift in Sources */,
				1307A42C28481E7B00083298 /* NavigationControllerRouterTests.swift in Sources */,
				139ABE032848F99300256137 /* BrewListViewModelTests.swift in Sources */,
				13EE357A284918190058C2F9 /* TestHelpers.swift in Sources */,
			);
			runOnlyForDeploymentPostprocessing = 0;
		};
/* End PBXSourcesBuildPhase section */

/* Begin PBXTargetDependency section */
		1307A41028481D8900083298 /* PBXTargetDependency */ = {
			isa = PBXTargetDependency;
			target = 1307A3F728481D8500083298 /* Brewcipe */;
			targetProxy = 1307A40F28481D8900083298 /* PBXContainerItemProxy */;
		};
/* End PBXTargetDependency section */

/* Begin PBXVariantGroup section */
		1307A40628481D8900083298 /* LaunchScreen.storyboard */ = {
			isa = PBXVariantGroup;
			children = (
				1307A40728481D8900083298 /* Base */,
			);
			name = LaunchScreen.storyboard;
			sourceTree = "<group>";
		};
/* End PBXVariantGroup section */

/* Begin XCBuildConfiguration section */
		1307A42028481D8900083298 /* Debug */ = {
			isa = XCBuildConfiguration;
			buildSettings = {
				ALWAYS_SEARCH_USER_PATHS = NO;
				CLANG_ANALYZER_NONNULL = YES;
				CLANG_ANALYZER_NUMBER_OBJECT_CONVERSION = YES_AGGRESSIVE;
				CLANG_CXX_LANGUAGE_STANDARD = "gnu++17";
				CLANG_ENABLE_MODULES = YES;
				CLANG_ENABLE_OBJC_ARC = YES;
				CLANG_ENABLE_OBJC_WEAK = YES;
				CLANG_WARN_BLOCK_CAPTURE_AUTORELEASING = YES;
				CLANG_WARN_BOOL_CONVERSION = YES;
				CLANG_WARN_COMMA = YES;
				CLANG_WARN_CONSTANT_CONVERSION = YES;
				CLANG_WARN_DEPRECATED_OBJC_IMPLEMENTATIONS = YES;
				CLANG_WARN_DIRECT_OBJC_ISA_USAGE = YES_ERROR;
				CLANG_WARN_DOCUMENTATION_COMMENTS = YES;
				CLANG_WARN_EMPTY_BODY = YES;
				CLANG_WARN_ENUM_CONVERSION = YES;
				CLANG_WARN_INFINITE_RECURSION = YES;
				CLANG_WARN_INT_CONVERSION = YES;
				CLANG_WARN_NON_LITERAL_NULL_CONVERSION = YES;
				CLANG_WARN_OBJC_IMPLICIT_RETAIN_SELF = YES;
				CLANG_WARN_OBJC_LITERAL_CONVERSION = YES;
				CLANG_WARN_OBJC_ROOT_CLASS = YES_ERROR;
				CLANG_WARN_QUOTED_INCLUDE_IN_FRAMEWORK_HEADER = YES;
				CLANG_WARN_RANGE_LOOP_ANALYSIS = YES;
				CLANG_WARN_STRICT_PROTOTYPES = YES;
				CLANG_WARN_SUSPICIOUS_MOVE = YES;
				CLANG_WARN_UNGUARDED_AVAILABILITY = YES_AGGRESSIVE;
				CLANG_WARN_UNREACHABLE_CODE = YES;
				CLANG_WARN__DUPLICATE_METHOD_MATCH = YES;
				COPY_PHASE_STRIP = NO;
				DEBUG_INFORMATION_FORMAT = dwarf;
				ENABLE_STRICT_OBJC_MSGSEND = YES;
				ENABLE_TESTABILITY = YES;
				GCC_C_LANGUAGE_STANDARD = gnu11;
				GCC_DYNAMIC_NO_PIC = NO;
				GCC_NO_COMMON_BLOCKS = YES;
				GCC_OPTIMIZATION_LEVEL = 0;
				GCC_PREPROCESSOR_DEFINITIONS = (
					"DEBUG=1",
					"$(inherited)",
				);
				GCC_WARN_64_TO_32_BIT_CONVERSION = YES;
				GCC_WARN_ABOUT_RETURN_TYPE = YES_ERROR;
				GCC_WARN_UNDECLARED_SELECTOR = YES;
				GCC_WARN_UNINITIALIZED_AUTOS = YES_AGGRESSIVE;
				GCC_WARN_UNUSED_FUNCTION = YES;
				GCC_WARN_UNUSED_VARIABLE = YES;
				IPHONEOS_DEPLOYMENT_TARGET = 15.5;
				MTL_ENABLE_DEBUG_INFO = INCLUDE_SOURCE;
				MTL_FAST_MATH = YES;
				ONLY_ACTIVE_ARCH = YES;
				SDKROOT = iphoneos;
				SWIFT_ACTIVE_COMPILATION_CONDITIONS = DEBUG;
				SWIFT_OPTIMIZATION_LEVEL = "-Onone";
				SWIFT_VERSION = 5.0;
			};
			name = Debug;
		};
		1307A42128481D8900083298 /* Release */ = {
			isa = XCBuildConfiguration;
			buildSettings = {
				ALWAYS_SEARCH_USER_PATHS = NO;
				CLANG_ANALYZER_NONNULL = YES;
				CLANG_ANALYZER_NUMBER_OBJECT_CONVERSION = YES_AGGRESSIVE;
				CLANG_CXX_LANGUAGE_STANDARD = "gnu++17";
				CLANG_ENABLE_MODULES = YES;
				CLANG_ENABLE_OBJC_ARC = YES;
				CLANG_ENABLE_OBJC_WEAK = YES;
				CLANG_WARN_BLOCK_CAPTURE_AUTORELEASING = YES;
				CLANG_WARN_BOOL_CONVERSION = YES;
				CLANG_WARN_COMMA = YES;
				CLANG_WARN_CONSTANT_CONVERSION = YES;
				CLANG_WARN_DEPRECATED_OBJC_IMPLEMENTATIONS = YES;
				CLANG_WARN_DIRECT_OBJC_ISA_USAGE = YES_ERROR;
				CLANG_WARN_DOCUMENTATION_COMMENTS = YES;
				CLANG_WARN_EMPTY_BODY = YES;
				CLANG_WARN_ENUM_CONVERSION = YES;
				CLANG_WARN_INFINITE_RECURSION = YES;
				CLANG_WARN_INT_CONVERSION = YES;
				CLANG_WARN_NON_LITERAL_NULL_CONVERSION = YES;
				CLANG_WARN_OBJC_IMPLICIT_RETAIN_SELF = YES;
				CLANG_WARN_OBJC_LITERAL_CONVERSION = YES;
				CLANG_WARN_OBJC_ROOT_CLASS = YES_ERROR;
				CLANG_WARN_QUOTED_INCLUDE_IN_FRAMEWORK_HEADER = YES;
				CLANG_WARN_RANGE_LOOP_ANALYSIS = YES;
				CLANG_WARN_STRICT_PROTOTYPES = YES;
				CLANG_WARN_SUSPICIOUS_MOVE = YES;
				CLANG_WARN_UNGUARDED_AVAILABILITY = YES_AGGRESSIVE;
				CLANG_WARN_UNREACHABLE_CODE = YES;
				CLANG_WARN__DUPLICATE_METHOD_MATCH = YES;
				COPY_PHASE_STRIP = NO;
				DEBUG_INFORMATION_FORMAT = "dwarf-with-dsym";
				ENABLE_NS_ASSERTIONS = NO;
				ENABLE_STRICT_OBJC_MSGSEND = YES;
				GCC_C_LANGUAGE_STANDARD = gnu11;
				GCC_NO_COMMON_BLOCKS = YES;
				GCC_WARN_64_TO_32_BIT_CONVERSION = YES;
				GCC_WARN_ABOUT_RETURN_TYPE = YES_ERROR;
				GCC_WARN_UNDECLARED_SELECTOR = YES;
				GCC_WARN_UNINITIALIZED_AUTOS = YES_AGGRESSIVE;
				GCC_WARN_UNUSED_FUNCTION = YES;
				GCC_WARN_UNUSED_VARIABLE = YES;
				IPHONEOS_DEPLOYMENT_TARGET = 15.5;
				MTL_ENABLE_DEBUG_INFO = NO;
				MTL_FAST_MATH = YES;
				SDKROOT = iphoneos;
				SWIFT_COMPILATION_MODE = wholemodule;
				SWIFT_OPTIMIZATION_LEVEL = "-O";
				SWIFT_VERSION = 5.0;
				VALIDATE_PRODUCT = YES;
			};
			name = Release;
		};
		1307A42328481D8900083298 /* Debug */ = {
			isa = XCBuildConfiguration;
			buildSettings = {
				ASSETCATALOG_COMPILER_APPICON_NAME = AppIcon;
				ASSETCATALOG_COMPILER_GLOBAL_ACCENT_COLOR_NAME = AccentColor;
				CODE_SIGN_STYLE = Automatic;
				CURRENT_PROJECT_VERSION = 1;
				DEVELOPMENT_TEAM = QKS6S964K3;
				GENERATE_INFOPLIST_FILE = YES;
				INFOPLIST_FILE = Brewcipe/Info.plist;
				INFOPLIST_KEY_UIApplicationSupportsIndirectInputEvents = YES;
				INFOPLIST_KEY_UILaunchStoryboardName = LaunchScreen;
				INFOPLIST_KEY_UISupportedInterfaceOrientations_iPad = "UIInterfaceOrientationPortrait UIInterfaceOrientationPortraitUpsideDown UIInterfaceOrientationLandscapeLeft UIInterfaceOrientationLandscapeRight";
				INFOPLIST_KEY_UISupportedInterfaceOrientations_iPhone = "UIInterfaceOrientationPortrait UIInterfaceOrientationLandscapeLeft UIInterfaceOrientationLandscapeRight";
				LD_RUNPATH_SEARCH_PATHS = (
					"$(inherited)",
					"@executable_path/Frameworks",
				);
				MARKETING_VERSION = 1.0;
				PRODUCT_BUNDLE_IDENTIFIER = com.matiasdim.Brewcipe;
				PRODUCT_NAME = "$(TARGET_NAME)";
				SWIFT_EMIT_LOC_STRINGS = YES;
				SWIFT_VERSION = 5.0;
				TARGETED_DEVICE_FAMILY = "1,2";
			};
			name = Debug;
		};
		1307A42428481D8900083298 /* Release */ = {
			isa = XCBuildConfiguration;
			buildSettings = {
				ASSETCATALOG_COMPILER_APPICON_NAME = AppIcon;
				ASSETCATALOG_COMPILER_GLOBAL_ACCENT_COLOR_NAME = AccentColor;
				CODE_SIGN_STYLE = Automatic;
				CURRENT_PROJECT_VERSION = 1;
				DEVELOPMENT_TEAM = QKS6S964K3;
				GENERATE_INFOPLIST_FILE = YES;
				INFOPLIST_FILE = Brewcipe/Info.plist;
				INFOPLIST_KEY_UIApplicationSupportsIndirectInputEvents = YES;
				INFOPLIST_KEY_UILaunchStoryboardName = LaunchScreen;
				INFOPLIST_KEY_UISupportedInterfaceOrientations_iPad = "UIInterfaceOrientationPortrait UIInterfaceOrientationPortraitUpsideDown UIInterfaceOrientationLandscapeLeft UIInterfaceOrientationLandscapeRight";
				INFOPLIST_KEY_UISupportedInterfaceOrientations_iPhone = "UIInterfaceOrientationPortrait UIInterfaceOrientationLandscapeLeft UIInterfaceOrientationLandscapeRight";
				LD_RUNPATH_SEARCH_PATHS = (
					"$(inherited)",
					"@executable_path/Frameworks",
				);
				MARKETING_VERSION = 1.0;
				PRODUCT_BUNDLE_IDENTIFIER = com.matiasdim.Brewcipe;
				PRODUCT_NAME = "$(TARGET_NAME)";
				SWIFT_EMIT_LOC_STRINGS = YES;
				SWIFT_VERSION = 5.0;
				TARGETED_DEVICE_FAMILY = "1,2";
			};
			name = Release;
		};
		1307A42628481D8900083298 /* Debug */ = {
			isa = XCBuildConfiguration;
			buildSettings = {
				ALWAYS_EMBED_SWIFT_STANDARD_LIBRARIES = YES;
				BUNDLE_LOADER = "$(TEST_HOST)";
				CLANG_ENABLE_MODULES = YES;
				CODE_SIGN_STYLE = Automatic;
				CURRENT_PROJECT_VERSION = 1;
				DEVELOPMENT_TEAM = QKS6S964K3;
				GENERATE_INFOPLIST_FILE = YES;
				IPHONEOS_DEPLOYMENT_TARGET = 15.5;
				LD_RUNPATH_SEARCH_PATHS = (
					"$(inherited)",
					"@executable_path/Frameworks",
					"@loader_path/Frameworks",
				);
				MARKETING_VERSION = 1.0;
				PRODUCT_BUNDLE_IDENTIFIER = com.matiasdim.BrewcipeTests;
				PRODUCT_NAME = "$(TARGET_NAME)";
				SWIFT_EMIT_LOC_STRINGS = NO;
				SWIFT_OPTIMIZATION_LEVEL = "-Onone";
				SWIFT_VERSION = 5.0;
				TARGETED_DEVICE_FAMILY = "1,2";
				TEST_HOST = "$(BUILT_PRODUCTS_DIR)/Brewcipe.app/Brewcipe";
			};
			name = Debug;
		};
		1307A42728481D8900083298 /* Release */ = {
			isa = XCBuildConfiguration;
			buildSettings = {
				ALWAYS_EMBED_SWIFT_STANDARD_LIBRARIES = YES;
				BUNDLE_LOADER = "$(TEST_HOST)";
				CLANG_ENABLE_MODULES = YES;
				CODE_SIGN_STYLE = Automatic;
				CURRENT_PROJECT_VERSION = 1;
				DEVELOPMENT_TEAM = QKS6S964K3;
				GENERATE_INFOPLIST_FILE = YES;
				IPHONEOS_DEPLOYMENT_TARGET = 15.5;
				LD_RUNPATH_SEARCH_PATHS = (
					"$(inherited)",
					"@executable_path/Frameworks",
					"@loader_path/Frameworks",
				);
				MARKETING_VERSION = 1.0;
				PRODUCT_BUNDLE_IDENTIFIER = com.matiasdim.BrewcipeTests;
				PRODUCT_NAME = "$(TARGET_NAME)";
				SWIFT_EMIT_LOC_STRINGS = NO;
				SWIFT_VERSION = 5.0;
				TARGETED_DEVICE_FAMILY = "1,2";
				TEST_HOST = "$(BUILT_PRODUCTS_DIR)/Brewcipe.app/Brewcipe";
			};
			name = Release;
		};
/* End XCBuildConfiguration section */

/* Begin XCConfigurationList section */
		1307A3F328481D8500083298 /* Build configuration list for PBXProject "Brewcipe" */ = {
			isa = XCConfigurationList;
			buildConfigurations = (
				1307A42028481D8900083298 /* Debug */,
				1307A42128481D8900083298 /* Release */,
			);
			defaultConfigurationIsVisible = 0;
			defaultConfigurationName = Release;
		};
		1307A42228481D8900083298 /* Build configuration list for PBXNativeTarget "Brewcipe" */ = {
			isa = XCConfigurationList;
			buildConfigurations = (
				1307A42328481D8900083298 /* Debug */,
				1307A42428481D8900083298 /* Release */,
			);
			defaultConfigurationIsVisible = 0;
			defaultConfigurationName = Release;
		};
		1307A42528481D8900083298 /* Build configuration list for PBXNativeTarget "BrewcipeTests" */ = {
			isa = XCConfigurationList;
			buildConfigurations = (
				1307A42628481D8900083298 /* Debug */,
				1307A42728481D8900083298 /* Release */,
			);
			defaultConfigurationIsVisible = 0;
			defaultConfigurationName = Release;
		};
/* End XCConfigurationList section */
	};
	rootObject = 1307A3F028481D8500083298 /* Project object */;
}
